
Microsoft Visual Studio Solution File, Format Version 12.00
# Visual Studio Version 17
VisualStudioVersion = 17.9.34616.47
MinimumVisualStudioVersion = 10.0.40219.1
Project("{FAE04EC0-301F-11D3-BF4B-00C04F79EFBC}") = "Explorer UI", "Explorer UI.csproj", "{445D6A79-E597-4A47-905C-4BA748C7592A}"
EndProject
Global
	GlobalSection(SolutionConfigurationPlatforms) = preSolution
		Debug|Any CPU = Debug|Any CPU
		Release|Any CPU = Release|Any CPU
	EndGlobalSection
	GlobalSection(ProjectConfigurationPlatforms) = postSolution
		{445D6A79-E597-4A47-905C-4BA748C7592A}.Debug|Any CPU.ActiveCfg = Debug|Any CPU
		{445D6A79-E597-4A47-905C-4BA748C7592A}.Debug|Any CPU.Build.0 = Debug|Any CPU
		{445D6A79-E597-4A47-905C-4BA748C7592A}.Release|Any CPU.ActiveCfg = Release|Any CPU
		{445D6A79-E597-4A47-905C-4BA748C7592A}.Release|Any CPU.Build.0 = Release|Any CPU
	EndGlobalSection
	GlobalSection(SolutionProperties) = preSolution
		HideSolutionNode = FALSE
	EndGlobalSection
	GlobalSection(ExtensibilityGlobals) = postSolution
		SolutionGuid = {2407DF98-1E7C-4956-9AA1-821F36C7E9CE}
	EndGlobalSection
EndGlobal
